
Microsoft Visual Studio Solution File, Format Version 12.00
# Visual Studio Version 16
VisualStudioVersion = 16.0.29418.71
MinimumVisualStudioVersion = 10.0.40219.1
Project("{9A19103F-16F7-4668-BE54-9A1E7A4F7556}") = "DesignPatterns", "DesignPatterns\DesignPatterns.csproj", "{83F019BB-E563-4AD5-A8D8-B58B1272BD8E}"
EndProject
Project("{9A19103F-16F7-4668-BE54-9A1E7A4F7556}") = "ChainOfResponsibility", "ChainOfResponsibility\ChainOfResponsibility.csproj", "{A571BBDC-A137-41CE-8467-9FC78C1671C9}"
EndProject
Project("{FAE04EC0-301F-11D3-BF4B-00C04F79EFBC}") = "Builder", "Builder\Builder.csproj", "{D31D5A58-3D1C-43D9-A67C-E7566EF21FC8}"
EndProject
Global
	GlobalSection(SolutionConfigurationPlatforms) = preSolution
		Debug|Any CPU = Debug|Any CPU
		Release|Any CPU = Release|Any CPU
	EndGlobalSection
	GlobalSection(ProjectConfigurationPlatforms) = postSolution
		{83F019BB-E563-4AD5-A8D8-B58B1272BD8E}.Debug|Any CPU.ActiveCfg = Debug|Any CPU
		{83F019BB-E563-4AD5-A8D8-B58B1272BD8E}.Debug|Any CPU.Build.0 = Debug|Any CPU
		{83F019BB-E563-4AD5-A8D8-B58B1272BD8E}.Release|Any CPU.ActiveCfg = Release|Any CPU
		{83F019BB-E563-4AD5-A8D8-B58B1272BD8E}.Release|Any CPU.Build.0 = Release|Any CPU
		{A571BBDC-A137-41CE-8467-9FC78C1671C9}.Debug|Any CPU.ActiveCfg = Debug|Any CPU
		{A571BBDC-A137-41CE-8467-9FC78C1671C9}.Debug|Any CPU.Build.0 = Debug|Any CPU
		{A571BBDC-A137-41CE-8467-9FC78C1671C9}.Release|Any CPU.ActiveCfg = Release|Any CPU
		{A571BBDC-A137-41CE-8467-9FC78C1671C9}.Release|Any CPU.Build.0 = Release|Any CPU
		{D31D5A58-3D1C-43D9-A67C-E7566EF21FC8}.Debug|Any CPU.ActiveCfg = Debug|Any CPU
		{D31D5A58-3D1C-43D9-A67C-E7566EF21FC8}.Debug|Any CPU.Build.0 = Debug|Any CPU
		{D31D5A58-3D1C-43D9-A67C-E7566EF21FC8}.Release|Any CPU.ActiveCfg = Release|Any CPU
		{D31D5A58-3D1C-43D9-A67C-E7566EF21FC8}.Release|Any CPU.Build.0 = Release|Any CPU
	EndGlobalSection
	GlobalSection(SolutionProperties) = preSolution
		HideSolutionNode = FALSE
	EndGlobalSection
	GlobalSection(ExtensibilityGlobals) = postSolution
		SolutionGuid = {F0E59A46-45D1-49CB-8847-154FA2B6987E}
	EndGlobalSection
EndGlobal
